// !$*UTF8*$!
{
	archiveVersion = 1;
	classes = {
	};
	objectVersion = 56;
	objects = {

/* Begin PBXBuildFile section */
		80187D0D29A5E86200367C6C /* Extension.swift in Sources */ = {isa = PBXBuildFile; fileRef = 80187D0C29A5E86200367C6C /* Extension.swift */; };
		80187D0F29A5E8E300367C6C /* StartScreenViewController.swift in Sources */ = {isa = PBXBuildFile; fileRef = 80187D0E29A5E8E300367C6C /* StartScreenViewController.swift */; };
		80259E4429A7B09900037EBD /* A.wav in Resources */ = {isa = PBXBuildFile; fileRef = 80259E4329A7B09900037EBD /* A.wav */; };
		80259E4629A7B4BC00037EBD /* E.mp3 in Resources */ = {isa = PBXBuildFile; fileRef = 80259E4529A7B4BC00037EBD /* E.mp3 */; };
		80415A6C29AB8C4900C2F7DC /* SettingsViewController.swift in Sources */ = {isa = PBXBuildFile; fileRef = 80415A6B29AB8C4900C2F7DC /* SettingsViewController.swift */; };
		806B40D529A6589500AC9C43 /* all.json in Resources */ = {isa = PBXBuildFile; fileRef = 806B40D229A6589500AC9C43 /* all.json */; };
		806B40D729A6589500AC9C43 /* Flag Manager.swift in Sources */ = {isa = PBXBuildFile; fileRef = 806B40D429A6589500AC9C43 /* Flag Manager.swift */; };
		807B9A6A29AF585100463514 /* Record.swift in Sources */ = {isa = PBXBuildFile; fileRef = 807B9A6929AF585100463514 /* Record.swift */; };
		80A312A829B757D4001195A2 /* RegionCell.swift in Sources */ = {isa = PBXBuildFile; fileRef = 80A312A729B757D3001195A2 /* RegionCell.swift */; };
		80BB1E6529B5CD3D00F76FC0 /* RegionListViewController.swift in Sources */ = {isa = PBXBuildFile; fileRef = 80BB1E6429B5CD3D00F76FC0 /* RegionListViewController.swift */; };
		80BB1E6729B60FD500F76FC0 /* RegionsTableViewController.swift in Sources */ = {isa = PBXBuildFile; fileRef = 80BB1E6629B60FD500F76FC0 /* RegionsTableViewController.swift */; };
		80E6B3F229AE3E4300690F03 /* ResultScreenViewController.swift in Sources */ = {isa = PBXBuildFile; fileRef = 80E6B3F129AE3E4300690F03 /* ResultScreenViewController.swift */; };
		80F7E7B329A48D1300D3CE19 /* AppDelegate.swift in Sources */ = {isa = PBXBuildFile; fileRef = 80F7E7B229A48D1300D3CE19 /* AppDelegate.swift */; };
		80F7E7B529A48D1300D3CE19 /* SceneDelegate.swift in Sources */ = {isa = PBXBuildFile; fileRef = 80F7E7B429A48D1300D3CE19 /* SceneDelegate.swift */; };
		80F7E7B729A48D1300D3CE19 /* QuizViewController.swift in Sources */ = {isa = PBXBuildFile; fileRef = 80F7E7B629A48D1300D3CE19 /* QuizViewController.swift */; };
		80F7E7BA29A48D1300D3CE19 /* Main.storyboard in Resources */ = {isa = PBXBuildFile; fileRef = 80F7E7B829A48D1300D3CE19 /* Main.storyboard */; };
		80F7E7BC29A48D1500D3CE19 /* Assets.xcassets in Resources */ = {isa = PBXBuildFile; fileRef = 80F7E7BB29A48D1500D3CE19 /* Assets.xcassets */; };
		80F7E7BF29A48D1500D3CE19 /* LaunchScreen.storyboard in Resources */ = {isa = PBXBuildFile; fileRef = 80F7E7BD29A48D1500D3CE19 /* LaunchScreen.storyboard */; };
		80F9388F29B0D386006FB53B /* CountryListViewController.swift in Sources */ = {isa = PBXBuildFile; fileRef = 80F9388E29B0D386006FB53B /* CountryListViewController.swift */; };
		80F9389129B0F197006FB53B /* CountryInfoViewController.swift in Sources */ = {isa = PBXBuildFile; fileRef = 80F9389029B0F197006FB53B /* CountryInfoViewController.swift */; };
		80F9389329B1DC88006FB53B /* RecordScreenViewController.swift in Sources */ = {isa = PBXBuildFile; fileRef = 80F9389229B1DC88006FB53B /* RecordScreenViewController.swift */; };
/* End PBXBuildFile section */

/* Begin PBXFileReference section */
		80187D0C29A5E86200367C6C /* Extension.swift */ = {isa = PBXFileReference; lastKnownFileType = sourcecode.swift; path = Extension.swift; sourceTree = "<group>"; };
		80187D0E29A5E8E300367C6C /* StartScreenViewController.swift */ = {isa = PBXFileReference; lastKnownFileType = sourcecode.swift; path = StartScreenViewController.swift; sourceTree = "<group>"; };
		80259E4329A7B09900037EBD /* A.wav */ = {isa = PBXFileReference; lastKnownFileType = audio.wav; path = A.wav; sourceTree = "<group>"; };
		80259E4529A7B4BC00037EBD /* E.mp3 */ = {isa = PBXFileReference; lastKnownFileType = audio.mp3; path = E.mp3; sourceTree = "<group>"; };
		80415A6B29AB8C4900C2F7DC /* SettingsViewController.swift */ = {isa = PBXFileReference; lastKnownFileType = sourcecode.swift; path = SettingsViewController.swift; sourceTree = "<group>"; };
		80415A6E29ABA04E00C2F7DC /* MessageUI.framework */ = {isa = PBXFileReference; lastKnownFileType = wrapper.framework; name = MessageUI.framework; path = System/Library/Frameworks/MessageUI.framework; sourceTree = SDKROOT; };
		806B40D229A6589500AC9C43 /* all.json */ = {isa = PBXFileReference; fileEncoding = 4; lastKnownFileType = text.json; path = all.json; sourceTree = "<group>"; };
		806B40D429A6589500AC9C43 /* Flag Manager.swift */ = {isa = PBXFileReference; fileEncoding = 4; lastKnownFileType = sourcecode.swift; path = "Flag Manager.swift"; sourceTree = "<group>"; };
		807B9A6929AF585100463514 /* Record.swift */ = {isa = PBXFileReference; lastKnownFileType = sourcecode.swift; path = Record.swift; sourceTree = "<group>"; };
		80A312A729B757D3001195A2 /* RegionCell.swift */ = {isa = PBXFileReference; lastKnownFileType = sourcecode.swift; path = RegionCell.swift; sourceTree = "<group>"; };
		80BB1E6429B5CD3D00F76FC0 /* RegionListViewController.swift */ = {isa = PBXFileReference; lastKnownFileType = sourcecode.swift; path = RegionListViewController.swift; sourceTree = "<group>"; };
		80BB1E6629B60FD500F76FC0 /* RegionsTableViewController.swift */ = {isa = PBXFileReference; lastKnownFileType = sourcecode.swift; path = RegionsTableViewController.swift; sourceTree = "<group>"; };
		80E6B3F129AE3E4300690F03 /* ResultScreenViewController.swift */ = {isa = PBXFileReference; lastKnownFileType = sourcecode.swift; path = ResultScreenViewController.swift; sourceTree = "<group>"; };
		80F7E7AF29A48D1300D3CE19 /* GuessTheFlag.app */ = {isa = PBXFileReference; explicitFileType = wrapper.application; includeInIndex = 0; path = GuessTheFlag.app; sourceTree = BUILT_PRODUCTS_DIR; };
		80F7E7B229A48D1300D3CE19 /* AppDelegate.swift */ = {isa = PBXFileReference; lastKnownFileType = sourcecode.swift; path = AppDelegate.swift; sourceTree = "<group>"; };
		80F7E7B429A48D1300D3CE19 /* SceneDelegate.swift */ = {isa = PBXFileReference; lastKnownFileType = sourcecode.swift; path = SceneDelegate.swift; sourceTree = "<group>"; };
		80F7E7B629A48D1300D3CE19 /* QuizViewController.swift */ = {isa = PBXFileReference; lastKnownFileType = sourcecode.swift; path = QuizViewController.swift; sourceTree = "<group>"; };
		80F7E7B929A48D1300D3CE19 /* Base */ = {isa = PBXFileReference; lastKnownFileType = file.storyboard; name = Base; path = Base.lproj/Main.storyboard; sourceTree = "<group>"; };
		80F7E7BB29A48D1500D3CE19 /* Assets.xcassets */ = {isa = PBXFileReference; lastKnownFileType = folder.assetcatalog; path = Assets.xcassets; sourceTree = "<group>"; };
		80F7E7BE29A48D1500D3CE19 /* Base */ = {isa = PBXFileReference; lastKnownFileType = file.storyboard; name = Base; path = Base.lproj/LaunchScreen.storyboard; sourceTree = "<group>"; };
		80F7E7C029A48D1500D3CE19 /* Info.plist */ = {isa = PBXFileReference; lastKnownFileType = text.plist.xml; path = Info.plist; sourceTree = "<group>"; };
		80F9388E29B0D386006FB53B /* CountryListViewController.swift */ = {isa = PBXFileReference; lastKnownFileType = sourcecode.swift; path = CountryListViewController.swift; sourceTree = "<group>"; };
		80F9389029B0F197006FB53B /* CountryInfoViewController.swift */ = {isa = PBXFileReference; lastKnownFileType = sourcecode.swift; path = CountryInfoViewController.swift; sourceTree = "<group>"; };
		80F9389229B1DC88006FB53B /* RecordScreenViewController.swift */ = {isa = PBXFileReference; lastKnownFileType = sourcecode.swift; path = RecordScreenViewController.swift; sourceTree = "<group>"; };
/* End PBXFileReference section */

/* Begin PBXFrameworksBuildPhase section */
		80F7E7AC29A48D1300D3CE19 /* Frameworks */ = {
			isa = PBXFrameworksBuildPhase;
			buildActionMask = 2147483647;
			files = (
			);
			runOnlyForDeploymentPostprocessing = 0;
		};
/* End PBXFrameworksBuildPhase section */

/* Begin PBXGroup section */
		80187D0B29A5E84B00367C6C /* Extenstions */ = {
			isa = PBXGroup;
			children = (
				80187D0C29A5E86200367C6C /* Extension.swift */,
			);
			path = Extenstions;
			sourceTree = "<group>";
		};
		80259E4229A7B07700037EBD /* Sounds */ = {
			isa = PBXGroup;
			children = (
				80259E4329A7B09900037EBD /* A.wav */,
				80259E4529A7B4BC00037EBD /* E.mp3 */,
			);
			path = Sounds;
			sourceTree = "<group>";
		};
		80415A6D29ABA04D00C2F7DC /* Frameworks */ = {
			isa = PBXGroup;
			children = (
				80415A6E29ABA04E00C2F7DC /* MessageUI.framework */,
			);
			name = Frameworks;
			sourceTree = "<group>";
		};
		80A312A629B757BB001195A2 /* Views */ = {
			isa = PBXGroup;
			children = (
				80A312A729B757D3001195A2 /* RegionCell.swift */,
			);
			path = Views;
			sourceTree = "<group>";
		};
		80F7E7A629A48D1300D3CE19 = {
			isa = PBXGroup;
			children = (
				80F7E7B129A48D1300D3CE19 /* GuessTheFlag */,
				80F7E7B029A48D1300D3CE19 /* Products */,
				80415A6D29ABA04D00C2F7DC /* Frameworks */,
			);
			sourceTree = "<group>";
		};
		80F7E7B029A48D1300D3CE19 /* Products */ = {
			isa = PBXGroup;
			children = (
				80F7E7AF29A48D1300D3CE19 /* GuessTheFlag.app */,
			);
			name = Products;
			sourceTree = "<group>";
		};
		80F7E7B129A48D1300D3CE19 /* GuessTheFlag */ = {
			isa = PBXGroup;
			children = (
				80A312A629B757BB001195A2 /* Views */,
				80F7E7C629A48D4D00D3CE19 /* App */,
				80F7E7C929A491FE00D3CE19 /* Models */,
				80F7E7C729A48DD100D3CE19 /* ViewControllers */,
				80F7E7C829A48DDF00D3CE19 /* Storyboards */,
				80187D0B29A5E84B00367C6C /* Extenstions */,
				80259E4229A7B07700037EBD /* Sounds */,
				80F7E7BB29A48D1500D3CE19 /* Assets.xcassets */,
			);
			path = GuessTheFlag;
			sourceTree = "<group>";
		};
		80F7E7C629A48D4D00D3CE19 /* App */ = {
			isa = PBXGroup;
			children = (
				80F7E7B229A48D1300D3CE19 /* AppDelegate.swift */,
				80F7E7B429A48D1300D3CE19 /* SceneDelegate.swift */,
				80F7E7C029A48D1500D3CE19 /* Info.plist */,
			);
			path = App;
			sourceTree = "<group>";
		};
		80F7E7C729A48DD100D3CE19 /* ViewControllers */ = {
			isa = PBXGroup;
			children = (
				80187D0E29A5E8E300367C6C /* StartScreenViewController.swift */,
				80BB1E6429B5CD3D00F76FC0 /* RegionListViewController.swift */,
				80F7E7B629A48D1300D3CE19 /* QuizViewController.swift */,
				80E6B3F129AE3E4300690F03 /* ResultScreenViewController.swift */,
				80415A6B29AB8C4900C2F7DC /* SettingsViewController.swift */,
				80F9389229B1DC88006FB53B /* RecordScreenViewController.swift */,
				80BB1E6629B60FD500F76FC0 /* RegionsTableViewController.swift */,
				80F9388E29B0D386006FB53B /* CountryListViewController.swift */,
				80F9389029B0F197006FB53B /* CountryInfoViewController.swift */,
			);
			path = ViewControllers;
			sourceTree = "<group>";
		};
		80F7E7C829A48DDF00D3CE19 /* Storyboards */ = {
			isa = PBXGroup;
			children = (
				80F7E7B829A48D1300D3CE19 /* Main.storyboard */,
				80F7E7BD29A48D1500D3CE19 /* LaunchScreen.storyboard */,
			);
			path = Storyboards;
			sourceTree = "<group>";
		};
		80F7E7C929A491FE00D3CE19 /* Models */ = {
			isa = PBXGroup;
			children = (
				806B40D229A6589500AC9C43 /* all.json */,
				806B40D429A6589500AC9C43 /* Flag Manager.swift */,
				807B9A6929AF585100463514 /* Record.swift */,
			);
			path = Models;
			sourceTree = "<group>";
		};
/* End PBXGroup section */

/* Begin PBXNativeTarget section */
		80F7E7AE29A48D1300D3CE19 /* GuessTheFlag */ = {
			isa = PBXNativeTarget;
			buildConfigurationList = 80F7E7C329A48D1500D3CE19 /* Build configuration list for PBXNativeTarget "GuessTheFlag" */;
			buildPhases = (
				80F7E7AB29A48D1300D3CE19 /* Sources */,
				80F7E7AC29A48D1300D3CE19 /* Frameworks */,
				80F7E7AD29A48D1300D3CE19 /* Resources */,
			);
			buildRules = (
			);
			dependencies = (
			);
			name = GuessTheFlag;
			productName = GuessTheFlag;
			productReference = 80F7E7AF29A48D1300D3CE19 /* GuessTheFlag.app */;
			productType = "com.apple.product-type.application";
		};
/* End PBXNativeTarget section */

/* Begin PBXProject section */
		80F7E7A729A48D1300D3CE19 /* Project object */ = {
			isa = PBXProject;
			attributes = {
				BuildIndependentTargetsInParallel = 1;
				LastSwiftUpdateCheck = 1420;
				LastUpgradeCheck = 1420;
				TargetAttributes = {
					80F7E7AE29A48D1300D3CE19 = {
						CreatedOnToolsVersion = 14.2;
					};
				};
			};
			buildConfigurationList = 80F7E7AA29A48D1300D3CE19 /* Build configuration list for PBXProject "GuessTheFlag" */;
			compatibilityVersion = "Xcode 14.0";
			developmentRegion = en;
			hasScannedForEncodings = 0;
			knownRegions = (
				en,
				Base,
			);
			mainGroup = 80F7E7A629A48D1300D3CE19;
			productRefGroup = 80F7E7B029A48D1300D3CE19 /* Products */;
			projectDirPath = "";
			projectRoot = "";
			targets = (
				80F7E7AE29A48D1300D3CE19 /* GuessTheFlag */,
			);
		};
/* End PBXProject section */

/* Begin PBXResourcesBuildPhase section */
		80F7E7AD29A48D1300D3CE19 /* Resources */ = {
			isa = PBXResourcesBuildPhase;
			buildActionMask = 2147483647;
			files = (
				80259E4629A7B4BC00037EBD /* E.mp3 in Resources */,
				80F7E7BF29A48D1500D3CE19 /* LaunchScreen.storyboard in Resources */,
				806B40D529A6589500AC9C43 /* all.json in Resources */,
				80F7E7BC29A48D1500D3CE19 /* Assets.xcassets in Resources */,
				80259E4429A7B09900037EBD /* A.wav in Resources */,
				80F7E7BA29A48D1300D3CE19 /* Main.storyboard in Resources */,
			);
			runOnlyForDeploymentPostprocessing = 0;
		};
/* End PBXResourcesBuildPhase section */

/* Begin PBXSourcesBuildPhase section */
		80F7E7AB29A48D1300D3CE19 /* Sources */ = {
			isa = PBXSourcesBuildPhase;
			buildActionMask = 2147483647;
			files = (
				80BB1E6529B5CD3D00F76FC0 /* RegionListViewController.swift in Sources */,
				80E6B3F229AE3E4300690F03 /* ResultScreenViewController.swift in Sources */,
				80F9388F29B0D386006FB53B /* CountryListViewController.swift in Sources */,
				80187D0F29A5E8E300367C6C /* StartScreenViewController.swift in Sources */,
				80BB1E6729B60FD500F76FC0 /* RegionsTableViewController.swift in Sources */,
				807B9A6A29AF585100463514 /* Record.swift in Sources */,
				80F7E7B729A48D1300D3CE19 /* QuizViewController.swift in Sources */,
				80F9389129B0F197006FB53B /* CountryInfoViewController.swift in Sources */,
				80187D0D29A5E86200367C6C /* Extension.swift in Sources */,
				806B40D729A6589500AC9C43 /* Flag Manager.swift in Sources */,
				80F7E7B329A48D1300D3CE19 /* AppDelegate.swift in Sources */,
				80F9389329B1DC88006FB53B /* RecordScreenViewController.swift in Sources */,
				80F7E7B529A48D1300D3CE19 /* SceneDelegate.swift in Sources */,
				80415A6C29AB8C4900C2F7DC /* SettingsViewController.swift in Sources */,
				80A312A829B757D4001195A2 /* RegionCell.swift in Sources */,
			);
			runOnlyForDeploymentPostprocessing = 0;
		};
/* End PBXSourcesBuildPhase section */

/* Begin PBXVariantGroup section */
		80F7E7B829A48D1300D3CE19 /* Main.storyboard */ = {
			isa = PBXVariantGroup;
			children = (
				80F7E7B929A48D1300D3CE19 /* Base */,
			);
			name = Main.storyboard;
			sourceTree = "<group>";
		};
		80F7E7BD29A48D1500D3CE19 /* LaunchScreen.storyboard */ = {
			isa = PBXVariantGroup;
			children = (
				80F7E7BE29A48D1500D3CE19 /* Base */,
			);
			name = LaunchScreen.storyboard;
			sourceTree = "<group>";
		};
/* End PBXVariantGroup section */

/* Begin XCBuildConfiguration section */
		80F7E7C129A48D1500D3CE19 /* Debug */ = {
			isa = XCBuildConfiguration;
			buildSettings = {
				ALWAYS_SEARCH_USER_PATHS = NO;
				CLANG_ANALYZER_NONNULL = YES;
				CLANG_ANALYZER_NUMBER_OBJECT_CONVERSION = YES_AGGRESSIVE;
				CLANG_CXX_LANGUAGE_STANDARD = "gnu++20";
				CLANG_ENABLE_MODULES = YES;
				CLANG_ENABLE_OBJC_ARC = YES;
				CLANG_ENABLE_OBJC_WEAK = YES;
				CLANG_WARN_BLOCK_CAPTURE_AUTORELEASING = YES;
				CLANG_WARN_BOOL_CONVERSION = YES;
				CLANG_WARN_COMMA = YES;
				CLANG_WARN_CONSTANT_CONVERSION = YES;
				CLANG_WARN_DEPRECATED_OBJC_IMPLEMENTATIONS = YES;
				CLANG_WARN_DIRECT_OBJC_ISA_USAGE = YES_ERROR;
				CLANG_WARN_DOCUMENTATION_COMMENTS = YES;
				CLANG_WARN_EMPTY_BODY = YES;
				CLANG_WARN_ENUM_CONVERSION = YES;
				CLANG_WARN_INFINITE_RECURSION = YES;
				CLANG_WARN_INT_CONVERSION = YES;
				CLANG_WARN_NON_LITERAL_NULL_CONVERSION = YES;
				CLANG_WARN_OBJC_IMPLICIT_RETAIN_SELF = YES;
				CLANG_WARN_OBJC_LITERAL_CONVERSION = YES;
				CLANG_WARN_OBJC_ROOT_CLASS = YES_ERROR;
				CLANG_WARN_QUOTED_INCLUDE_IN_FRAMEWORK_HEADER = YES;
				CLANG_WARN_RANGE_LOOP_ANALYSIS = YES;
				CLANG_WARN_STRICT_PROTOTYPES = YES;
				CLANG_WARN_SUSPICIOUS_MOVE = YES;
				CLANG_WARN_UNGUARDED_AVAILABILITY = YES_AGGRESSIVE;
				CLANG_WARN_UNREACHABLE_CODE = YES;
				CLANG_WARN__DUPLICATE_METHOD_MATCH = YES;
				COPY_PHASE_STRIP = NO;
				DEBUG_INFORMATION_FORMAT = dwarf;
				ENABLE_STRICT_OBJC_MSGSEND = YES;
				ENABLE_TESTABILITY = YES;
				GCC_C_LANGUAGE_STANDARD = gnu11;
				GCC_DYNAMIC_NO_PIC = NO;
				GCC_NO_COMMON_BLOCKS = YES;
				GCC_OPTIMIZATION_LEVEL = 0;
				GCC_PREPROCESSOR_DEFINITIONS = (
					"DEBUG=1",
					"$(inherited)",
				);
				GCC_WARN_64_TO_32_BIT_CONVERSION = YES;
				GCC_WARN_ABOUT_RETURN_TYPE = YES_ERROR;
				GCC_WARN_UNDECLARED_SELECTOR = YES;
				GCC_WARN_UNINITIALIZED_AUTOS = YES_AGGRESSIVE;
				GCC_WARN_UNUSED_FUNCTION = YES;
				GCC_WARN_UNUSED_VARIABLE = YES;
				IPHONEOS_DEPLOYMENT_TARGET = 16.2;
				MTL_ENABLE_DEBUG_INFO = INCLUDE_SOURCE;
				MTL_FAST_MATH = YES;
				ONLY_ACTIVE_ARCH = YES;
				SDKROOT = iphoneos;
				SWIFT_ACTIVE_COMPILATION_CONDITIONS = DEBUG;
				SWIFT_OPTIMIZATION_LEVEL = "-Onone";
			};
			name = Debug;
		};
		80F7E7C229A48D1500D3CE19 /* Release */ = {
			isa = XCBuildConfiguration;
			buildSettings = {
				ALWAYS_SEARCH_USER_PATHS = NO;
				CLANG_ANALYZER_NONNULL = YES;
				CLANG_ANALYZER_NUMBER_OBJECT_CONVERSION = YES_AGGRESSIVE;
				CLANG_CXX_LANGUAGE_STANDARD = "gnu++20";
				CLANG_ENABLE_MODULES = YES;
				CLANG_ENABLE_OBJC_ARC = YES;
				CLANG_ENABLE_OBJC_WEAK = YES;
				CLANG_WARN_BLOCK_CAPTURE_AUTORELEASING = YES;
				CLANG_WARN_BOOL_CONVERSION = YES;
				CLANG_WARN_COMMA = YES;
				CLANG_WARN_CONSTANT_CONVERSION = YES;
				CLANG_WARN_DEPRECATED_OBJC_IMPLEMENTATIONS = YES;
				CLANG_WARN_DIRECT_OBJC_ISA_USAGE = YES_ERROR;
				CLANG_WARN_DOCUMENTATION_COMMENTS = YES;
				CLANG_WARN_EMPTY_BODY = YES;
				CLANG_WARN_ENUM_CONVERSION = YES;
				CLANG_WARN_INFINITE_RECURSION = YES;
				CLANG_WARN_INT_CONVERSION = YES;
				CLANG_WARN_NON_LITERAL_NULL_CONVERSION = YES;
				CLANG_WARN_OBJC_IMPLICIT_RETAIN_SELF = YES;
				CLANG_WARN_OBJC_LITERAL_CONVERSION = YES;
				CLANG_WARN_OBJC_ROOT_CLASS = YES_ERROR;
				CLANG_WARN_QUOTED_INCLUDE_IN_FRAMEWORK_HEADER = YES;
				CLANG_WARN_RANGE_LOOP_ANALYSIS = YES;
				CLANG_WARN_STRICT_PROTOTYPES = YES;
				CLANG_WARN_SUSPICIOUS_MOVE = YES;
				CLANG_WARN_UNGUARDED_AVAILABILITY = YES_AGGRESSIVE;
				CLANG_WARN_UNREACHABLE_CODE = YES;
				CLANG_WARN__DUPLICATE_METHOD_MATCH = YES;
				COPY_PHASE_STRIP = NO;
				DEBUG_INFORMATION_FORMAT = "dwarf-with-dsym";
				ENABLE_NS_ASSERTIONS = NO;
				ENABLE_STRICT_OBJC_MSGSEND = YES;
				GCC_C_LANGUAGE_STANDARD = gnu11;
				GCC_NO_COMMON_BLOCKS = YES;
				GCC_WARN_64_TO_32_BIT_CONVERSION = YES;
				GCC_WARN_ABOUT_RETURN_TYPE = YES_ERROR;
				GCC_WARN_UNDECLARED_SELECTOR = YES;
				GCC_WARN_UNINITIALIZED_AUTOS = YES_AGGRESSIVE;
				GCC_WARN_UNUSED_FUNCTION = YES;
				GCC_WARN_UNUSED_VARIABLE = YES;
				IPHONEOS_DEPLOYMENT_TARGET = 16.2;
				MTL_ENABLE_DEBUG_INFO = NO;
				MTL_FAST_MATH = YES;
				SDKROOT = iphoneos;
				SWIFT_COMPILATION_MODE = wholemodule;
				SWIFT_OPTIMIZATION_LEVEL = "-O";
				VALIDATE_PRODUCT = YES;
			};
			name = Release;
		};
		80F7E7C429A48D1500D3CE19 /* Debug */ = {
			isa = XCBuildConfiguration;
			buildSettings = {
				ASSETCATALOG_COMPILER_APPICON_NAME = AppIcon;
				ASSETCATALOG_COMPILER_GLOBAL_ACCENT_COLOR_NAME = AccentColor;
				CODE_SIGN_STYLE = Automatic;
				CURRENT_PROJECT_VERSION = 1;
				DEVELOPMENT_TEAM = 7VP863SW97;
				GENERATE_INFOPLIST_FILE = YES;
				INFOPLIST_FILE = GuessTheFlag/App/Info.plist;
				INFOPLIST_KEY_UIApplicationSupportsIndirectInputEvents = YES;
				INFOPLIST_KEY_UILaunchStoryboardName = LaunchScreen;
				INFOPLIST_KEY_UIMainStoryboardFile = Main;
				INFOPLIST_KEY_UISupportedInterfaceOrientations = UIInterfaceOrientationPortrait;
				INFOPLIST_KEY_UISupportedInterfaceOrientations_iPad = "UIInterfaceOrientationLandscapeLeft UIInterfaceOrientationLandscapeRight UIInterfaceOrientationPortrait UIInterfaceOrientationPortraitUpsideDown";
				IPHONEOS_DEPLOYMENT_TARGET = 15.0;
				LD_RUNPATH_SEARCH_PATHS = (
					"$(inherited)",
					"@executable_path/Frameworks",
				);
				MARKETING_VERSION = 1.0;
				PRODUCT_BUNDLE_IDENTIFIER = co.bektemur.GuessTheFlag;
				PRODUCT_NAME = "$(TARGET_NAME)";
				SUPPORTED_PLATFORMS = "iphoneos iphonesimulator";
				SUPPORTS_MACCATALYST = NO;
				SUPPORTS_MAC_DESIGNED_FOR_IPHONE_IPAD = NO;
				SWIFT_EMIT_LOC_STRINGS = YES;
				SWIFT_VERSION = 5.0;
				TARGETED_DEVICE_FAMILY = 1;
			};
			name = Debug;
		};
		80F7E7C529A48D1500D3CE19 /* Release */ = {
			isa = XCBuildConfiguration;
			buildSettings = {
				ASSETCATALOG_COMPILER_APPICON_NAME = AppIcon;
				ASSETCATALOG_COMPILER_GLOBAL_ACCENT_COLOR_NAME = AccentColor;
				CODE_SIGN_STYLE = Automatic;
				CURRENT_PROJECT_VERSION = 1;
				DEVELOPMENT_TEAM = 7VP863SW97;
				GENERATE_INFOPLIST_FILE = YES;
				INFOPLIST_FILE = GuessTheFlag/App/Info.plist;
				INFOPLIST_KEY_UIApplicationSupportsIndirectInputEvents = YES;
				INFOPLIST_KEY_UILaunchStoryboardName = LaunchScreen;
				INFOPLIST_KEY_UIMainStoryboardFile = Main;
				INFOPLIST_KEY_UISupportedInterfaceOrientations = UIInterfaceOrientationPortrait;
				INFOPLIST_KEY_UISupportedInterfaceOrientations_iPad = "UIInterfaceOrientationLandscapeLeft UIInterfaceOrientationLandscapeRight UIInterfaceOrientationPortrait UIInterfaceOrientationPortraitUpsideDown";
				IPHONEOS_DEPLOYMENT_TARGET = 15.0;
				LD_RUNPATH_SEARCH_PATHS = (
					"$(inherited)",
					"@executable_path/Frameworks",
				);
				MARKETING_VERSION = 1.0;
				PRODUCT_BUNDLE_IDENTIFIER = co.bektemur.GuessTheFlag;
				PRODUCT_NAME = "$(TARGET_NAME)";
				SUPPORTED_PLATFORMS = "iphoneos iphonesimulator";
				SUPPORTS_MACCATALYST = NO;
				SUPPORTS_MAC_DESIGNED_FOR_IPHONE_IPAD = NO;
				SWIFT_EMIT_LOC_STRINGS = YES;
				SWIFT_VERSION = 5.0;
				TARGETED_DEVICE_FAMILY = 1;
			};
			name = Release;
		};
/* End XCBuildConfiguration section */

/* Begin XCConfigurationList section */
		80F7E7AA29A48D1300D3CE19 /* Build configuration list for PBXProject "GuessTheFlag" */ = {
			isa = XCConfigurationList;
			buildConfigurations = (
				80F7E7C129A48D1500D3CE19 /* Debug */,
				80F7E7C229A48D1500D3CE19 /* Release */,
			);
			defaultConfigurationIsVisible = 0;
			defaultConfigurationName = Release;
		};
		80F7E7C329A48D1500D3CE19 /* Build configuration list for PBXNativeTarget "GuessTheFlag" */ = {
			isa = XCConfigurationList;
			buildConfigurations = (
				80F7E7C429A48D1500D3CE19 /* Debug */,
				80F7E7C529A48D1500D3CE19 /* Release */,
			);
			defaultConfigurationIsVisible = 0;
			defaultConfigurationName = Release;
		};
/* End XCConfigurationList section */
	};
	rootObject = 80F7E7A729A48D1300D3CE19 /* Project object */;
}
